
Microsoft Visual Studio Solution File, Format Version 12.00
# Visual Studio Version 16
VisualStudioVersion = 16.0.31205.134
MinimumVisualStudioVersion = 10.0.40219.1
Project("{FAE04EC0-301F-11D3-BF4B-00C04F79EFBC}") = "SiqnalR", "WebApplication1\SiqnalR.csproj", "{B96EF991-5E11-47CB-87BF-24050FE713F3}"
EndProject
Global
	GlobalSection(SolutionConfigurationPlatforms) = preSolution
		Debug|Any CPU = Debug|Any CPU
		Release|Any CPU = Release|Any CPU
	EndGlobalSection
	GlobalSection(ProjectConfigurationPlatforms) = postSolution
		{B96EF991-5E11-47CB-87BF-24050FE713F3}.Debug|Any CPU.ActiveCfg = Debug|Any CPU
		{B96EF991-5E11-47CB-87BF-24050FE713F3}.Debug|Any CPU.Build.0 = Debug|Any CPU
		{B96EF991-5E11-47CB-87BF-24050FE713F3}.Release|Any CPU.ActiveCfg = Release|Any CPU
		{B96EF991-5E11-47CB-87BF-24050FE713F3}.Release|Any CPU.Build.0 = Release|Any CPU
	EndGlobalSection
	GlobalSection(SolutionProperties) = preSolution
		HideSolutionNode = FALSE
	EndGlobalSection
	GlobalSection(ExtensibilityGlobals) = postSolution
		SolutionGuid = {E04A1B8C-D5AE-4A89-8D76-68F26D8CE67A}
	EndGlobalSection
EndGlobal
